
Microsoft Visual Studio Solution File, Format Version 12.00
# Visual Studio 14
VisualStudioVersion = 14.0.24720.0
MinimumVisualStudioVersion = 10.0.40219.1
Project("{FAE04EC0-301F-11D3-BF4B-00C04F79EFBC}") = "GrantRequests.DAL", "GrantRequests.DAL\GrantRequests.DAL.csproj", "{E4C02615-4205-4EAC-9509-C52A2CA7A58D}"
EndProject
Project("{FAE04EC0-301F-11D3-BF4B-00C04F79EFBC}") = "GrantRequests.WEB", "GrantRequests.WEB\GrantRequests.WEB.csproj", "{C471C68C-A8CD-4736-8DDE-C1B742567133}"
EndProject
Project("{FAE04EC0-301F-11D3-BF4B-00C04F79EFBC}") = "GrantRequests.COMMON", "GrantRequest.COMMON\GrantRequests.COMMON.csproj", "{386266A4-B434-4C65-9B8F-6047B3F32445}"
EndProject
Global
	GlobalSection(SolutionConfigurationPlatforms) = preSolution
		Debug|Any CPU = Debug|Any CPU
		Release|Any CPU = Release|Any CPU
	EndGlobalSection
	GlobalSection(ProjectConfigurationPlatforms) = postSolution
		{E4C02615-4205-4EAC-9509-C52A2CA7A58D}.Debug|Any CPU.ActiveCfg = Debug|Any CPU
		{E4C02615-4205-4EAC-9509-C52A2CA7A58D}.Debug|Any CPU.Build.0 = Debug|Any CPU
		{E4C02615-4205-4EAC-9509-C52A2CA7A58D}.Release|Any CPU.ActiveCfg = Release|Any CPU
		{E4C02615-4205-4EAC-9509-C52A2CA7A58D}.Release|Any CPU.Build.0 = Release|Any CPU
		{C471C68C-A8CD-4736-8DDE-C1B742567133}.Debug|Any CPU.ActiveCfg = Debug|Any CPU
		{C471C68C-A8CD-4736-8DDE-C1B742567133}.Debug|Any CPU.Build.0 = Debug|Any CPU
		{C471C68C-A8CD-4736-8DDE-C1B742567133}.Release|Any CPU.ActiveCfg = Release|Any CPU
		{C471C68C-A8CD-4736-8DDE-C1B742567133}.Release|Any CPU.Build.0 = Release|Any CPU
		{386266A4-B434-4C65-9B8F-6047B3F32445}.Debug|Any CPU.ActiveCfg = Debug|Any CPU
		{386266A4-B434-4C65-9B8F-6047B3F32445}.Debug|Any CPU.Build.0 = Debug|Any CPU
		{386266A4-B434-4C65-9B8F-6047B3F32445}.Release|Any CPU.ActiveCfg = Release|Any CPU
		{386266A4-B434-4C65-9B8F-6047B3F32445}.Release|Any CPU.Build.0 = Release|Any CPU
	EndGlobalSection
	GlobalSection(SolutionProperties) = preSolution
		HideSolutionNode = FALSE
	EndGlobalSection
EndGlobal
